
Microsoft Visual Studio Solution File, Format Version 12.00
# Visual Studio Version 17
VisualStudioVersion = 17.10.35201.131
MinimumVisualStudioVersion = 10.0.40219.1
Project("{9A19103F-16F7-4668-BE54-9A1E7A4F7556}") = "KitaraKauppa.Core", "KitaraKauppa.Core\KitaraKauppa.Core.csproj", "{1E355569-238F-40C6-819D-D0276FF624F6}"
EndProject
Project("{9A19103F-16F7-4668-BE54-9A1E7A4F7556}") = "KitaraKauppa.Service", "KitaraKauppa.Service\KitaraKauppa.Service.csproj", "{97E7E75A-3E42-4653-B6F0-181DA9AC18F9}"
EndProject
Project("{9A19103F-16F7-4668-BE54-9A1E7A4F7556}") = "KitaraKauppa.Presentation", "KitaraKauppa.Presentation\KitaraKauppa.Presentation.csproj", "{60B91BAB-80E5-4C62-87B2-EEFC7061BFCC}"
EndProject
Project("{9A19103F-16F7-4668-BE54-9A1E7A4F7556}") = "KitaraKauppa.Infrastrcture", "KitaraKauppa.Infrastrcture\KitaraKauppa.Infrastrcture.csproj", "{65BE2E1B-86CD-49E0-A2B1-07CCDE5306DF}"
EndProject
Project("{9A19103F-16F7-4668-BE54-9A1E7A4F7556}") = "KitaraKauppa.Tests", "KitaraKauppa.Tests\KitaraKauppa.Tests.csproj", "{34A59579-4BBE-49AD-A0D2-0F5CD3091FCC}"
EndProject
Global
	GlobalSection(SolutionConfigurationPlatforms) = preSolution
		Debug|Any CPU = Debug|Any CPU
		Release|Any CPU = Release|Any CPU
	EndGlobalSection
	GlobalSection(ProjectConfigurationPlatforms) = postSolution
		{1E355569-238F-40C6-819D-D0276FF624F6}.Debug|Any CPU.ActiveCfg = Debug|Any CPU
		{1E355569-238F-40C6-819D-D0276FF624F6}.Debug|Any CPU.Build.0 = Debug|Any CPU
		{1E355569-238F-40C6-819D-D0276FF624F6}.Release|Any CPU.ActiveCfg = Release|Any CPU
		{1E355569-238F-40C6-819D-D0276FF624F6}.Release|Any CPU.Build.0 = Release|Any CPU
		{97E7E75A-3E42-4653-B6F0-181DA9AC18F9}.Debug|Any CPU.ActiveCfg = Debug|Any CPU
		{97E7E75A-3E42-4653-B6F0-181DA9AC18F9}.Debug|Any CPU.Build.0 = Debug|Any CPU
		{97E7E75A-3E42-4653-B6F0-181DA9AC18F9}.Release|Any CPU.ActiveCfg = Release|Any CPU
		{97E7E75A-3E42-4653-B6F0-181DA9AC18F9}.Release|Any CPU.Build.0 = Release|Any CPU
		{60B91BAB-80E5-4C62-87B2-EEFC7061BFCC}.Debug|Any CPU.ActiveCfg = Debug|Any CPU
		{60B91BAB-80E5-4C62-87B2-EEFC7061BFCC}.Debug|Any CPU.Build.0 = Debug|Any CPU
		{60B91BAB-80E5-4C62-87B2-EEFC7061BFCC}.Release|Any CPU.ActiveCfg = Release|Any CPU
		{60B91BAB-80E5-4C62-87B2-EEFC7061BFCC}.Release|Any CPU.Build.0 = Release|Any CPU
		{65BE2E1B-86CD-49E0-A2B1-07CCDE5306DF}.Debug|Any CPU.ActiveCfg = Debug|Any CPU
		{65BE2E1B-86CD-49E0-A2B1-07CCDE5306DF}.Debug|Any CPU.Build.0 = Debug|Any CPU
		{65BE2E1B-86CD-49E0-A2B1-07CCDE5306DF}.Release|Any CPU.ActiveCfg = Release|Any CPU
		{65BE2E1B-86CD-49E0-A2B1-07CCDE5306DF}.Release|Any CPU.Build.0 = Release|Any CPU
		{34A59579-4BBE-49AD-A0D2-0F5CD3091FCC}.Debug|Any CPU.ActiveCfg = Debug|Any CPU
		{34A59579-4BBE-49AD-A0D2-0F5CD3091FCC}.Debug|Any CPU.Build.0 = Debug|Any CPU
		{34A59579-4BBE-49AD-A0D2-0F5CD3091FCC}.Release|Any CPU.ActiveCfg = Release|Any CPU
		{34A59579-4BBE-49AD-A0D2-0F5CD3091FCC}.Release|Any CPU.Build.0 = Release|Any CPU
	EndGlobalSection
	GlobalSection(SolutionProperties) = preSolution
		HideSolutionNode = FALSE
	EndGlobalSection
	GlobalSection(ExtensibilityGlobals) = postSolution
		SolutionGuid = {D012E3BC-1E0D-498B-9D35-2707D9DD0E81}
	EndGlobalSection
EndGlobal
